
Microsoft Visual Studio Solution File, Format Version 12.00
# Visual Studio Version 16
VisualStudioVersion = 16.0.30320.27
MinimumVisualStudioVersion = 10.0.40219.1
Project("{8BC9CEB8-8B4A-11D0-8D11-00A0C91BC942}") = "Test07", "Test07.vcxproj", "{C1B3CA46-D5EB-491D-A256-C8CF39B92CCE}"
EndProject
Global
	GlobalSection(SolutionConfigurationPlatforms) = preSolution
		Debug|x64 = Debug|x64
		Debug|x86 = Debug|x86
		Release|x64 = Release|x64
		Release|x86 = Release|x86
	EndGlobalSection
	GlobalSection(ProjectConfigurationPlatforms) = postSolution
		{C1B3CA46-D5EB-491D-A256-C8CF39B92CCE}.Debug|x64.ActiveCfg = Debug|x64
		{C1B3CA46-D5EB-491D-A256-C8CF39B92CCE}.Debug|x64.Build.0 = Debug|x64
		{C1B3CA46-D5EB-491D-A256-C8CF39B92CCE}.Debug|x86.ActiveCfg = Debug|Win32
		{C1B3CA46-D5EB-491D-A256-C8CF39B92CCE}.Debug|x86.Build.0 = Debug|Win32
		{C1B3CA46-D5EB-491D-A256-C8CF39B92CCE}.Release|x64.ActiveCfg = Release|x64
		{C1B3CA46-D5EB-491D-A256-C8CF39B92CCE}.Release|x64.Build.0 = Release|x64
		{C1B3CA46-D5EB-491D-A256-C8CF39B92CCE}.Release|x86.ActiveCfg = Release|Win32
		{C1B3CA46-D5EB-491D-A256-C8CF39B92CCE}.Release|x86.Build.0 = Release|Win32
	EndGlobalSection
	GlobalSection(SolutionProperties) = preSolution
		HideSolutionNode = FALSE
	EndGlobalSection
	GlobalSection(ExtensibilityGlobals) = postSolution
		SolutionGuid = {D1C08A57-7C4D-4E9E-81CB-A0325E763D4B}
	EndGlobalSection
EndGlobal
